
Microsoft Visual Studio Solution File, Format Version 12.00
# Visual Studio Version 17
VisualStudioVersion = 17.0.31903.59
MinimumVisualStudioVersion = 10.0.40219.1
Project("{FAE04EC0-301F-11D3-BF4B-00C04F79EFBC}") = "Akka.Pathfinder", "Akka.Pathfinder\Akka.Pathfinder.csproj", "{8F000BDB-811E-4806-BD7B-322973CF5C7C}"
EndProject
Project("{FAE04EC0-301F-11D3-BF4B-00C04F79EFBC}") = "Akka.Pathfinder.AcceptanceTests", "Akka.Pathfinder.AcceptanceTests\Akka.Pathfinder.AcceptanceTests.csproj", "{256B5531-353B-4892-8A11-AA5056165A3A}"
EndProject
Project("{FAE04EC0-301F-11D3-BF4B-00C04F79EFBC}") = "Akka.Pathfinder.Core", "Akka.Pathfinder.Core\Akka.Pathfinder.Core.csproj", "{5441C267-50EE-45EC-B5CD-B51ABD14CAD9}"
EndProject
Project("{FAE04EC0-301F-11D3-BF4B-00C04F79EFBC}") = "Akka.Pathfinder.DemoLayout", "Akka.Pathfinder.DemoLayout\Akka.Pathfinder.DemoLayout.csproj", "{700D307C-4BFC-47CE-9D17-E4697C6EE8EF}"
EndProject
Project("{FAE04EC0-301F-11D3-BF4B-00C04F79EFBC}") = "Akka.Pathfinder.DemoLayout.Tests", "Akka.Pathfinder.DemoLayout.Tests\Akka.Pathfinder.DemoLayout.Tests.csproj", "{247E513D-2636-428A-8AE9-914A7857D527}"
EndProject
Project("{FAE04EC0-301F-11D3-BF4B-00C04F79EFBC}") = "Akka.Pathfinder.Proto", "Akka.Pathfinder.Proto\Akka.Pathfinder.Proto.csproj", "{C0D45D82-3C93-43D4-9319-297174498DBF}"
EndProject
Project("{FAE04EC0-301F-11D3-BF4B-00C04F79EFBC}") = "Akka.Pathfinder.Grpc", "Akka.Pathfinder.Grpc\Akka.Pathfinder.Grpc.csproj", "{C91A7E0D-F99E-44FE-B9F2-216D2BB2D33A}"
EndProject
Global
	GlobalSection(SolutionConfigurationPlatforms) = preSolution
		Debug|Any CPU = Debug|Any CPU
		Release|Any CPU = Release|Any CPU
	EndGlobalSection
	GlobalSection(ProjectConfigurationPlatforms) = postSolution
		{256B5531-353B-4892-8A11-AA5056165A3A}.Debug|Any CPU.ActiveCfg = Debug|Any CPU
		{256B5531-353B-4892-8A11-AA5056165A3A}.Debug|Any CPU.Build.0 = Debug|Any CPU
		{256B5531-353B-4892-8A11-AA5056165A3A}.Release|Any CPU.ActiveCfg = Release|Any CPU
		{256B5531-353B-4892-8A11-AA5056165A3A}.Release|Any CPU.Build.0 = Release|Any CPU
		{8F000BDB-811E-4806-BD7B-322973CF5C7C}.Debug|Any CPU.ActiveCfg = Debug|Any CPU
		{8F000BDB-811E-4806-BD7B-322973CF5C7C}.Debug|Any CPU.Build.0 = Debug|Any CPU
		{8F000BDB-811E-4806-BD7B-322973CF5C7C}.Release|Any CPU.ActiveCfg = Release|Any CPU
		{8F000BDB-811E-4806-BD7B-322973CF5C7C}.Release|Any CPU.Build.0 = Release|Any CPU
		{5441C267-50EE-45EC-B5CD-B51ABD14CAD9}.Debug|Any CPU.ActiveCfg = Debug|Any CPU
		{5441C267-50EE-45EC-B5CD-B51ABD14CAD9}.Debug|Any CPU.Build.0 = Debug|Any CPU
		{5441C267-50EE-45EC-B5CD-B51ABD14CAD9}.Release|Any CPU.ActiveCfg = Release|Any CPU
		{5441C267-50EE-45EC-B5CD-B51ABD14CAD9}.Release|Any CPU.Build.0 = Release|Any CPU
		{700D307C-4BFC-47CE-9D17-E4697C6EE8EF}.Debug|Any CPU.ActiveCfg = Debug|Any CPU
		{700D307C-4BFC-47CE-9D17-E4697C6EE8EF}.Debug|Any CPU.Build.0 = Debug|Any CPU
		{700D307C-4BFC-47CE-9D17-E4697C6EE8EF}.Release|Any CPU.ActiveCfg = Release|Any CPU
		{700D307C-4BFC-47CE-9D17-E4697C6EE8EF}.Release|Any CPU.Build.0 = Release|Any CPU
		{247E513D-2636-428A-8AE9-914A7857D527}.Debug|Any CPU.ActiveCfg = Debug|Any CPU
		{247E513D-2636-428A-8AE9-914A7857D527}.Debug|Any CPU.Build.0 = Debug|Any CPU
		{247E513D-2636-428A-8AE9-914A7857D527}.Release|Any CPU.ActiveCfg = Release|Any CPU
		{247E513D-2636-428A-8AE9-914A7857D527}.Release|Any CPU.Build.0 = Release|Any CPU
		{C0D45D82-3C93-43D4-9319-297174498DBF}.Debug|Any CPU.ActiveCfg = Debug|Any CPU
		{C0D45D82-3C93-43D4-9319-297174498DBF}.Debug|Any CPU.Build.0 = Debug|Any CPU
		{C0D45D82-3C93-43D4-9319-297174498DBF}.Release|Any CPU.ActiveCfg = Release|Any CPU
		{C0D45D82-3C93-43D4-9319-297174498DBF}.Release|Any CPU.Build.0 = Release|Any CPU
		{C91A7E0D-F99E-44FE-B9F2-216D2BB2D33A}.Debug|Any CPU.ActiveCfg = Debug|Any CPU
		{C91A7E0D-F99E-44FE-B9F2-216D2BB2D33A}.Debug|Any CPU.Build.0 = Debug|Any CPU
		{C91A7E0D-F99E-44FE-B9F2-216D2BB2D33A}.Release|Any CPU.ActiveCfg = Release|Any CPU
		{C91A7E0D-F99E-44FE-B9F2-216D2BB2D33A}.Release|Any CPU.Build.0 = Release|Any CPU
	EndGlobalSection
	GlobalSection(SolutionProperties) = preSolution
		HideSolutionNode = FALSE
	EndGlobalSection
EndGlobal
